
Microsoft Visual Studio Solution File, Format Version 12.00
# Visual Studio Version 17
VisualStudioVersion = 17.0.31903.59
MinimumVisualStudioVersion = 10.0.40219.1
Project("{2150E333-8FDC-42A3-9474-1A3956D46DE8}") = "src", "src", "{DD66A669-F225-46DE-85CA-C8D7812E41BC}"
EndProject
Project("{FAE04EC0-301F-11D3-BF4B-00C04F79EFBC}") = "EDO.Server", "src\EDO.Server\EDO.Server.csproj", "{14B1DC6C-990D-4303-B3EC-480BF7AC9730}"
EndProject
Project("{FAE04EC0-301F-11D3-BF4B-00C04F79EFBC}") = "EDO.Client", "src\EDO.Client\EDO.Client.csproj", "{95C07994-29D8-4B72-9533-A44327AAC084}"
EndProject
Project("{2150E333-8FDC-42A3-9474-1A3956D46DE8}") = "tests", "tests", "{D5D01B25-54E5-4D1F-8DE1-A4DBE51EF0B8}"
EndProject
Project("{FAE04EC0-301F-11D3-BF4B-00C04F79EFBC}") = "EDO.Tests", "tests\EDO.Tests\EDO.Tests.csproj", "{6BA2FA13-5AAA-489B-BB3A-6EB61E1072DD}"
EndProject
Global
	GlobalSection(SolutionConfigurationPlatforms) = preSolution
		Debug|Any CPU = Debug|Any CPU
		Release|Any CPU = Release|Any CPU
	EndGlobalSection
	GlobalSection(SolutionProperties) = preSolution
		HideSolutionNode = FALSE
	EndGlobalSection
	GlobalSection(ProjectConfigurationPlatforms) = postSolution
		{14B1DC6C-990D-4303-B3EC-480BF7AC9730}.Debug|Any CPU.ActiveCfg = Debug|Any CPU
		{14B1DC6C-990D-4303-B3EC-480BF7AC9730}.Debug|Any CPU.Build.0 = Debug|Any CPU
		{14B1DC6C-990D-4303-B3EC-480BF7AC9730}.Release|Any CPU.ActiveCfg = Release|Any CPU
		{14B1DC6C-990D-4303-B3EC-480BF7AC9730}.Release|Any CPU.Build.0 = Release|Any CPU
		{95C07994-29D8-4B72-9533-A44327AAC084}.Debug|Any CPU.ActiveCfg = Debug|Any CPU
		{95C07994-29D8-4B72-9533-A44327AAC084}.Debug|Any CPU.Build.0 = Debug|Any CPU
		{95C07994-29D8-4B72-9533-A44327AAC084}.Release|Any CPU.ActiveCfg = Release|Any CPU
		{95C07994-29D8-4B72-9533-A44327AAC084}.Release|Any CPU.Build.0 = Release|Any CPU
		{6BA2FA13-5AAA-489B-BB3A-6EB61E1072DD}.Debug|Any CPU.ActiveCfg = Debug|Any CPU
		{6BA2FA13-5AAA-489B-BB3A-6EB61E1072DD}.Debug|Any CPU.Build.0 = Debug|Any CPU
		{6BA2FA13-5AAA-489B-BB3A-6EB61E1072DD}.Release|Any CPU.ActiveCfg = Release|Any CPU
		{6BA2FA13-5AAA-489B-BB3A-6EB61E1072DD}.Release|Any CPU.Build.0 = Release|Any CPU
	EndGlobalSection
	GlobalSection(NestedProjects) = preSolution
		{14B1DC6C-990D-4303-B3EC-480BF7AC9730} = {DD66A669-F225-46DE-85CA-C8D7812E41BC}
		{95C07994-29D8-4B72-9533-A44327AAC084} = {DD66A669-F225-46DE-85CA-C8D7812E41BC}
		{6BA2FA13-5AAA-489B-BB3A-6EB61E1072DD} = {D5D01B25-54E5-4D1F-8DE1-A4DBE51EF0B8}
	EndGlobalSection
EndGlobal
